// !$*UTF8*$!
{
	archiveVersion = 1;
	classes = {
	};
	objectVersion = 55;
	objects = {

/* Begin PBXBuildFile section */
		151107C92A4D45F700D71F39 /* AppDelegate.swift in Sources */ = {isa = PBXBuildFile; fileRef = 151107C82A4D45F700D71F39 /* AppDelegate.swift */; };
		151107CB2A4D45F700D71F39 /* SceneDelegate.swift in Sources */ = {isa = PBXBuildFile; fileRef = 151107CA2A4D45F700D71F39 /* SceneDelegate.swift */; };
		151107D22A4D45F800D71F39 /* Assets.xcassets in Resources */ = {isa = PBXBuildFile; fileRef = 151107D12A4D45F800D71F39 /* Assets.xcassets */; };
		151107D52A4D45F800D71F39 /* LaunchScreen.storyboard in Resources */ = {isa = PBXBuildFile; fileRef = 151107D32A4D45F800D71F39 /* LaunchScreen.storyboard */; };
		15DF8CBB2AB7E2D500446CC7 /* MainCoordinator.swift in Sources */ = {isa = PBXBuildFile; fileRef = 15DF8CBA2AB7E2D500446CC7 /* MainCoordinator.swift */; };
		15DF8CBD2AB7E4AF00446CC7 /* ApplicationCoordinator.swift in Sources */ = {isa = PBXBuildFile; fileRef = 15DF8CBC2AB7E4AF00446CC7 /* ApplicationCoordinator.swift */; };
		15DF8CC12AB7E68300446CC7 /* MainViewController.swift in Sources */ = {isa = PBXBuildFile; fileRef = 15DF8CC02AB7E68300446CC7 /* MainViewController.swift */; };
		15DF8CC32AB7F5C000446CC7 /* SubCoordinator.swift in Sources */ = {isa = PBXBuildFile; fileRef = 15DF8CC22AB7F5C000446CC7 /* SubCoordinator.swift */; };
		15DF8CC72AB8236300446CC7 /* SubViewController.swift in Sources */ = {isa = PBXBuildFile; fileRef = 15DF8CC62AB8236300446CC7 /* SubViewController.swift */; };
		701628D514BFDA8F55E8D4D9 /* Pods_SHCoordinatorExample.framework in Frameworks */ = {isa = PBXBuildFile; fileRef = 6D36D1470FB7C930B51BCCFC /* Pods_SHCoordinatorExample.framework */; };
/* End PBXBuildFile section */

/* Begin PBXFileReference section */
		151107C52A4D45F700D71F39 /* SHCoordinatorExample.app */ = {isa = PBXFileReference; explicitFileType = wrapper.application; includeInIndex = 0; path = SHCoordinatorExample.app; sourceTree = BUILT_PRODUCTS_DIR; };
		151107C82A4D45F700D71F39 /* AppDelegate.swift */ = {isa = PBXFileReference; lastKnownFileType = sourcecode.swift; path = AppDelegate.swift; sourceTree = "<group>"; };
		151107CA2A4D45F700D71F39 /* SceneDelegate.swift */ = {isa = PBXFileReference; lastKnownFileType = sourcecode.swift; path = SceneDelegate.swift; sourceTree = "<group>"; };
		151107D12A4D45F800D71F39 /* Assets.xcassets */ = {isa = PBXFileReference; lastKnownFileType = folder.assetcatalog; path = Assets.xcassets; sourceTree = "<group>"; };
		151107D42A4D45F800D71F39 /* Base */ = {isa = PBXFileReference; lastKnownFileType = file.storyboard; name = Base; path = Base.lproj/LaunchScreen.storyboard; sourceTree = "<group>"; };
		151107D62A4D45F800D71F39 /* Info.plist */ = {isa = PBXFileReference; lastKnownFileType = text.plist.xml; path = Info.plist; sourceTree = "<group>"; };
		15DF8CBA2AB7E2D500446CC7 /* MainCoordinator.swift */ = {isa = PBXFileReference; lastKnownFileType = sourcecode.swift; path = MainCoordinator.swift; sourceTree = "<group>"; };
		15DF8CBC2AB7E4AF00446CC7 /* ApplicationCoordinator.swift */ = {isa = PBXFileReference; lastKnownFileType = sourcecode.swift; path = ApplicationCoordinator.swift; sourceTree = "<group>"; };
		15DF8CC02AB7E68300446CC7 /* MainViewController.swift */ = {isa = PBXFileReference; lastKnownFileType = sourcecode.swift; path = MainViewController.swift; sourceTree = "<group>"; };
		15DF8CC22AB7F5C000446CC7 /* SubCoordinator.swift */ = {isa = PBXFileReference; lastKnownFileType = sourcecode.swift; path = SubCoordinator.swift; sourceTree = "<group>"; };
		15DF8CC62AB8236300446CC7 /* SubViewController.swift */ = {isa = PBXFileReference; lastKnownFileType = sourcecode.swift; path = SubViewController.swift; sourceTree = "<group>"; };
		38DB6223B4C96D5B58274947 /* Pods-SHCoordinatorExample.release.xcconfig */ = {isa = PBXFileReference; includeInIndex = 1; lastKnownFileType = text.xcconfig; name = "Pods-SHCoordinatorExample.release.xcconfig"; path = "Target Support Files/Pods-SHCoordinatorExample/Pods-SHCoordinatorExample.release.xcconfig"; sourceTree = "<group>"; };
		68CF71B0FAED3C9B832C3572 /* Pods-SHCoordinatorExample.debug.xcconfig */ = {isa = PBXFileReference; includeInIndex = 1; lastKnownFileType = text.xcconfig; name = "Pods-SHCoordinatorExample.debug.xcconfig"; path = "Target Support Files/Pods-SHCoordinatorExample/Pods-SHCoordinatorExample.debug.xcconfig"; sourceTree = "<group>"; };
		6D36D1470FB7C930B51BCCFC /* Pods_SHCoordinatorExample.framework */ = {isa = PBXFileReference; explicitFileType = wrapper.framework; includeInIndex = 0; path = Pods_SHCoordinatorExample.framework; sourceTree = BUILT_PRODUCTS_DIR; };
/* End PBXFileReference section */

/* Begin PBXFrameworksBuildPhase section */
		151107C22A4D45F700D71F39 /* Frameworks */ = {
			isa = PBXFrameworksBuildPhase;
			buildActionMask = 2147483647;
			files = (
				701628D514BFDA8F55E8D4D9 /* Pods_SHCoordinatorExample.framework in Frameworks */,
			);
			runOnlyForDeploymentPostprocessing = 0;
		};
/* End PBXFrameworksBuildPhase section */

/* Begin PBXGroup section */
		151107BC2A4D45F700D71F39 = {
			isa = PBXGroup;
			children = (
				151107C72A4D45F700D71F39 /* Source */,
				151107C62A4D45F700D71F39 /* Products */,
				D3C055205D14099040BE179C /* Pods */,
				9662E819755F308BEC6F4ED3 /* Frameworks */,
			);
			sourceTree = "<group>";
		};
		151107C62A4D45F700D71F39 /* Products */ = {
			isa = PBXGroup;
			children = (
				151107C52A4D45F700D71F39 /* SHCoordinatorExample.app */,
			);
			name = Products;
			sourceTree = "<group>";
		};
		151107C72A4D45F700D71F39 /* Source */ = {
			isa = PBXGroup;
			children = (
				151107DD2A4D46A000D71F39 /* Feature */,
				151107DC2A4D460A00D71F39 /* Support */,
			);
			path = Source;
			sourceTree = "<group>";
		};
		151107DC2A4D460A00D71F39 /* Support */ = {
			isa = PBXGroup;
			children = (
				151107D32A4D45F800D71F39 /* LaunchScreen.storyboard */,
				151107D12A4D45F800D71F39 /* Assets.xcassets */,
				151107CA2A4D45F700D71F39 /* SceneDelegate.swift */,
				151107D62A4D45F800D71F39 /* Info.plist */,
				151107C82A4D45F700D71F39 /* AppDelegate.swift */,
			);
			path = Support;
			sourceTree = "<group>";
		};
		151107DD2A4D46A000D71F39 /* Feature */ = {
			isa = PBXGroup;
			children = (
				15DF8CBA2AB7E2D500446CC7 /* MainCoordinator.swift */,
				15DF8CBC2AB7E4AF00446CC7 /* ApplicationCoordinator.swift */,
				15DF8CC02AB7E68300446CC7 /* MainViewController.swift */,
				15DF8CC22AB7F5C000446CC7 /* SubCoordinator.swift */,
				15DF8CC62AB8236300446CC7 /* SubViewController.swift */,
			);
			path = Feature;
			sourceTree = "<group>";
		};
		9662E819755F308BEC6F4ED3 /* Frameworks */ = {
			isa = PBXGroup;
			children = (
				6D36D1470FB7C930B51BCCFC /* Pods_SHCoordinatorExample.framework */,
			);
			name = Frameworks;
			sourceTree = "<group>";
		};
		D3C055205D14099040BE179C /* Pods */ = {
			isa = PBXGroup;
			children = (
				68CF71B0FAED3C9B832C3572 /* Pods-SHCoordinatorExample.debug.xcconfig */,
				38DB6223B4C96D5B58274947 /* Pods-SHCoordinatorExample.release.xcconfig */,
			);
			path = Pods;
			sourceTree = "<group>";
		};
/* End PBXGroup section */

/* Begin PBXNativeTarget section */
		151107C42A4D45F700D71F39 /* SHCoordinatorExample */ = {
			isa = PBXNativeTarget;
			buildConfigurationList = 151107D92A4D45F800D71F39 /* Build configuration list for PBXNativeTarget "SHCoordinatorExample" */;
			buildPhases = (
				5E214B68A97A160471709DC8 /* [CP] Check Pods Manifest.lock */,
				151107C12A4D45F700D71F39 /* Sources */,
				151107C22A4D45F700D71F39 /* Frameworks */,
				151107C32A4D45F700D71F39 /* Resources */,
				B81E668192210A7893F9A415 /* [CP] Embed Pods Frameworks */,
			);
			buildRules = (
			);
			dependencies = (
			);
			name = SHCoordinatorExample;
			productName = SHCoordinatorExample;
			productReference = 151107C52A4D45F700D71F39 /* SHCoordinatorExample.app */;
			productType = "com.apple.product-type.application";
		};
/* End PBXNativeTarget section */

/* Begin PBXProject section */
		151107BD2A4D45F700D71F39 /* Project object */ = {
			isa = PBXProject;
			attributes = {
				BuildIndependentTargetsInParallel = 1;
				LastSwiftUpdateCheck = 1430;
				LastUpgradeCheck = 1430;
				TargetAttributes = {
					151107C42A4D45F700D71F39 = {
						CreatedOnToolsVersion = 14.3.1;
					};
				};
			};
			buildConfigurationList = 151107C02A4D45F700D71F39 /* Build configuration list for PBXProject "SHCoordinatorExample" */;
			compatibilityVersion = "Xcode 13.0";
			developmentRegion = en;
			hasScannedForEncodings = 0;
			knownRegions = (
				en,
				Base,
			);
			mainGroup = 151107BC2A4D45F700D71F39;
			productRefGroup = 151107C62A4D45F700D71F39 /* Products */;
			projectDirPath = "";
			projectRoot = "";
			targets = (
				151107C42A4D45F700D71F39 /* SHCoordinatorExample */,
			);
		};
/* End PBXProject section */

/* Begin PBXResourcesBuildPhase section */
		151107C32A4D45F700D71F39 /* Resources */ = {
			isa = PBXResourcesBuildPhase;
			buildActionMask = 2147483647;
			files = (
				151107D52A4D45F800D71F39 /* LaunchScreen.storyboard in Resources */,
				151107D22A4D45F800D71F39 /* Assets.xcassets in Resources */,
			);
			runOnlyForDeploymentPostprocessing = 0;
		};
/* End PBXResourcesBuildPhase section */

/* Begin PBXShellScriptBuildPhase section */
		5E214B68A97A160471709DC8 /* [CP] Check Pods Manifest.lock */ = {
			isa = PBXShellScriptBuildPhase;
			buildActionMask = 2147483647;
			files = (
			);
			inputFileListPaths = (
			);
			inputPaths = (
				"${PODS_PODFILE_DIR_PATH}/Podfile.lock",
				"${PODS_ROOT}/Manifest.lock",
			);
			name = "[CP] Check Pods Manifest.lock";
			outputFileListPaths = (
			);
			outputPaths = (
				"$(DERIVED_FILE_DIR)/Pods-SHCoordinatorExample-checkManifestLockResult.txt",
			);
			runOnlyForDeploymentPostprocessing = 0;
			shellPath = /bin/sh;
			shellScript = "diff \"${PODS_PODFILE_DIR_PATH}/Podfile.lock\" \"${PODS_ROOT}/Manifest.lock\" > /dev/null\nif [ $? != 0 ] ; then\n    # print error to STDERR\n    echo \"error: The sandbox is not in sync with the Podfile.lock. Run 'pod install' or update your CocoaPods installation.\" >&2\n    exit 1\nfi\n# This output is used by Xcode 'outputs' to avoid re-running this script phase.\necho \"SUCCESS\" > \"${SCRIPT_OUTPUT_FILE_0}\"\n";
			showEnvVarsInLog = 0;
		};
		B81E668192210A7893F9A415 /* [CP] Embed Pods Frameworks */ = {
			isa = PBXShellScriptBuildPhase;
			buildActionMask = 2147483647;
			files = (
			);
			inputFileListPaths = (
				"${PODS_ROOT}/Target Support Files/Pods-SHCoordinatorExample/Pods-SHCoordinatorExample-frameworks-${CONFIGURATION}-input-files.xcfilelist",
			);
			name = "[CP] Embed Pods Frameworks";
			outputFileListPaths = (
				"${PODS_ROOT}/Target Support Files/Pods-SHCoordinatorExample/Pods-SHCoordinatorExample-frameworks-${CONFIGURATION}-output-files.xcfilelist",
			);
			runOnlyForDeploymentPostprocessing = 0;
			shellPath = /bin/sh;
			shellScript = "\"${PODS_ROOT}/Target Support Files/Pods-SHCoordinatorExample/Pods-SHCoordinatorExample-frameworks.sh\"\n";
			showEnvVarsInLog = 0;
		};
/* End PBXShellScriptBuildPhase section */

/* Begin PBXSourcesBuildPhase section */
		151107C12A4D45F700D71F39 /* Sources */ = {
			isa = PBXSourcesBuildPhase;
			buildActionMask = 2147483647;
			files = (
				15DF8CBD2AB7E4AF00446CC7 /* ApplicationCoordinator.swift in Sources */,
				151107C92A4D45F700D71F39 /* AppDelegate.swift in Sources */,
				15DF8CC72AB8236300446CC7 /* SubViewController.swift in Sources */,
				15DF8CBB2AB7E2D500446CC7 /* MainCoordinator.swift in Sources */,
				15DF8CC12AB7E68300446CC7 /* MainViewController.swift in Sources */,
				151107CB2A4D45F700D71F39 /* SceneDelegate.swift in Sources */,
				15DF8CC32AB7F5C000446CC7 /* SubCoordinator.swift in Sources */,
			);
			runOnlyForDeploymentPostprocessing = 0;
		};
/* End PBXSourcesBuildPhase section */

/* Begin PBXVariantGroup section */
		151107D32A4D45F800D71F39 /* LaunchScreen.storyboard */ = {
			isa = PBXVariantGroup;
			children = (
				151107D42A4D45F800D71F39 /* Base */,
			);
			name = LaunchScreen.storyboard;
			sourceTree = "<group>";
		};
/* End PBXVariantGroup section */

/* Begin XCBuildConfiguration section */
		151107D72A4D45F800D71F39 /* Debug */ = {
			isa = XCBuildConfiguration;
			buildSettings = {
				ALWAYS_SEARCH_USER_PATHS = NO;
				CLANG_ANALYZER_NONNULL = YES;
				CLANG_ANALYZER_NUMBER_OBJECT_CONVERSION = YES_AGGRESSIVE;
				CLANG_CXX_LANGUAGE_STANDARD = "gnu++20";
				CLANG_ENABLE_MODULES = YES;
				CLANG_ENABLE_OBJC_ARC = YES;
				CLANG_ENABLE_OBJC_WEAK = YES;
				CLANG_WARN_BLOCK_CAPTURE_AUTORELEASING = YES;
				CLANG_WARN_BOOL_CONVERSION = YES;
				CLANG_WARN_COMMA = YES;
				CLANG_WARN_CONSTANT_CONVERSION = YES;
				CLANG_WARN_DEPRECATED_OBJC_IMPLEMENTATIONS = YES;
				CLANG_WARN_DIRECT_OBJC_ISA_USAGE = YES_ERROR;
				CLANG_WARN_DOCUMENTATION_COMMENTS = YES;
				CLANG_WARN_EMPTY_BODY = YES;
				CLANG_WARN_ENUM_CONVERSION = YES;
				CLANG_WARN_INFINITE_RECURSION = YES;
				CLANG_WARN_INT_CONVERSION = YES;
				CLANG_WARN_NON_LITERAL_NULL_CONVERSION = YES;
				CLANG_WARN_OBJC_IMPLICIT_RETAIN_SELF = YES;
				CLANG_WARN_OBJC_LITERAL_CONVERSION = YES;
				CLANG_WARN_OBJC_ROOT_CLASS = YES_ERROR;
				CLANG_WARN_QUOTED_INCLUDE_IN_FRAMEWORK_HEADER = YES;
				CLANG_WARN_RANGE_LOOP_ANALYSIS = YES;
				CLANG_WARN_STRICT_PROTOTYPES = YES;
				CLANG_WARN_SUSPICIOUS_MOVE = YES;
				CLANG_WARN_UNGUARDED_AVAILABILITY = YES_AGGRESSIVE;
				CLANG_WARN_UNREACHABLE_CODE = YES;
				CLANG_WARN__DUPLICATE_METHOD_MATCH = YES;
				COPY_PHASE_STRIP = NO;
				DEBUG_INFORMATION_FORMAT = dwarf;
				ENABLE_STRICT_OBJC_MSGSEND = YES;
				ENABLE_TESTABILITY = YES;
				GCC_C_LANGUAGE_STANDARD = gnu11;
				GCC_DYNAMIC_NO_PIC = NO;
				GCC_NO_COMMON_BLOCKS = YES;
				GCC_OPTIMIZATION_LEVEL = 0;
				GCC_PREPROCESSOR_DEFINITIONS = (
					"DEBUG=1",
					"$(inherited)",
				);
				GCC_WARN_64_TO_32_BIT_CONVERSION = YES;
				GCC_WARN_ABOUT_RETURN_TYPE = YES_ERROR;
				GCC_WARN_UNDECLARED_SELECTOR = YES;
				GCC_WARN_UNINITIALIZED_AUTOS = YES_AGGRESSIVE;
				GCC_WARN_UNUSED_FUNCTION = YES;
				GCC_WARN_UNUSED_VARIABLE = YES;
				IPHONEOS_DEPLOYMENT_TARGET = 16.4;
				MTL_ENABLE_DEBUG_INFO = INCLUDE_SOURCE;
				MTL_FAST_MATH = YES;
				ONLY_ACTIVE_ARCH = YES;
				SDKROOT = iphoneos;
				SWIFT_ACTIVE_COMPILATION_CONDITIONS = DEBUG;
				SWIFT_OPTIMIZATION_LEVEL = "-Onone";
			};
			name = Debug;
		};
		151107D82A4D45F800D71F39 /* Release */ = {
			isa = XCBuildConfiguration;
			buildSettings = {
				ALWAYS_SEARCH_USER_PATHS = NO;
				CLANG_ANALYZER_NONNULL = YES;
				CLANG_ANALYZER_NUMBER_OBJECT_CONVERSION = YES_AGGRESSIVE;
				CLANG_CXX_LANGUAGE_STANDARD = "gnu++20";
				CLANG_ENABLE_MODULES = YES;
				CLANG_ENABLE_OBJC_ARC = YES;
				CLANG_ENABLE_OBJC_WEAK = YES;
				CLANG_WARN_BLOCK_CAPTURE_AUTORELEASING = YES;
				CLANG_WARN_BOOL_CONVERSION = YES;
				CLANG_WARN_COMMA = YES;
				CLANG_WARN_CONSTANT_CONVERSION = YES;
				CLANG_WARN_DEPRECATED_OBJC_IMPLEMENTATIONS = YES;
				CLANG_WARN_DIRECT_OBJC_ISA_USAGE = YES_ERROR;
				CLANG_WARN_DOCUMENTATION_COMMENTS = YES;
				CLANG_WARN_EMPTY_BODY = YES;
				CLANG_WARN_ENUM_CONVERSION = YES;
				CLANG_WARN_INFINITE_RECURSION = YES;
				CLANG_WARN_INT_CONVERSION = YES;
				CLANG_WARN_NON_LITERAL_NULL_CONVERSION = YES;
				CLANG_WARN_OBJC_IMPLICIT_RETAIN_SELF = YES;
				CLANG_WARN_OBJC_LITERAL_CONVERSION = YES;
				CLANG_WARN_OBJC_ROOT_CLASS = YES_ERROR;
				CLANG_WARN_QUOTED_INCLUDE_IN_FRAMEWORK_HEADER = YES;
				CLANG_WARN_RANGE_LOOP_ANALYSIS = YES;
				CLANG_WARN_STRICT_PROTOTYPES = YES;
				CLANG_WARN_SUSPICIOUS_MOVE = YES;
				CLANG_WARN_UNGUARDED_AVAILABILITY = YES_AGGRESSIVE;
				CLANG_WARN_UNREACHABLE_CODE = YES;
				CLANG_WARN__DUPLICATE_METHOD_MATCH = YES;
				COPY_PHASE_STRIP = NO;
				DEBUG_INFORMATION_FORMAT = "dwarf-with-dsym";
				ENABLE_NS_ASSERTIONS = NO;
				ENABLE_STRICT_OBJC_MSGSEND = YES;
				GCC_C_LANGUAGE_STANDARD = gnu11;
				GCC_NO_COMMON_BLOCKS = YES;
				GCC_WARN_64_TO_32_BIT_CONVERSION = YES;
				GCC_WARN_ABOUT_RETURN_TYPE = YES_ERROR;
				GCC_WARN_UNDECLARED_SELECTOR = YES;
				GCC_WARN_UNINITIALIZED_AUTOS = YES_AGGRESSIVE;
				GCC_WARN_UNUSED_FUNCTION = YES;
				GCC_WARN_UNUSED_VARIABLE = YES;
				IPHONEOS_DEPLOYMENT_TARGET = 16.4;
				MTL_ENABLE_DEBUG_INFO = NO;
				MTL_FAST_MATH = YES;
				SDKROOT = iphoneos;
				SWIFT_COMPILATION_MODE = wholemodule;
				SWIFT_OPTIMIZATION_LEVEL = "-O";
				VALIDATE_PRODUCT = YES;
			};
			name = Release;
		};
		151107DA2A4D45F800D71F39 /* Debug */ = {
			isa = XCBuildConfiguration;
			baseConfigurationReference = 68CF71B0FAED3C9B832C3572 /* Pods-SHCoordinatorExample.debug.xcconfig */;
			buildSettings = {
				ASSETCATALOG_COMPILER_APPICON_NAME = AppIcon;
				ASSETCATALOG_COMPILER_GLOBAL_ACCENT_COLOR_NAME = AccentColor;
				CODE_SIGN_STYLE = Automatic;
				CURRENT_PROJECT_VERSION = 1;
				GENERATE_INFOPLIST_FILE = YES;
				INFOPLIST_FILE = Source/Support/Info.plist;
				INFOPLIST_KEY_UIApplicationSupportsIndirectInputEvents = YES;
				INFOPLIST_KEY_UILaunchStoryboardName = LaunchScreen;
				INFOPLIST_KEY_UISupportedInterfaceOrientations_iPad = "UIInterfaceOrientationPortrait UIInterfaceOrientationPortraitUpsideDown UIInterfaceOrientationLandscapeLeft UIInterfaceOrientationLandscapeRight";
				INFOPLIST_KEY_UISupportedInterfaceOrientations_iPhone = "UIInterfaceOrientationPortrait UIInterfaceOrientationLandscapeLeft UIInterfaceOrientationLandscapeRight";
				LD_RUNPATH_SEARCH_PATHS = (
					"$(inherited)",
					"@executable_path/Frameworks",
				);
				MARKETING_VERSION = 1.0;
				PRODUCT_BUNDLE_IDENTIFIER = SH.SHCoordinatorExample;
				PRODUCT_NAME = "$(TARGET_NAME)";
				SWIFT_EMIT_LOC_STRINGS = YES;
				SWIFT_VERSION = 5.0;
				TARGETED_DEVICE_FAMILY = "1,2";
			};
			name = Debug;
		};
		151107DB2A4D45F800D71F39 /* Release */ = {
			isa = XCBuildConfiguration;
			baseConfigurationReference = 38DB6223B4C96D5B58274947 /* Pods-SHCoordinatorExample.release.xcconfig */;
			buildSettings = {
				ASSETCATALOG_COMPILER_APPICON_NAME = AppIcon;
				ASSETCATALOG_COMPILER_GLOBAL_ACCENT_COLOR_NAME = AccentColor;
				CODE_SIGN_STYLE = Automatic;
				CURRENT_PROJECT_VERSION = 1;
				GENERATE_INFOPLIST_FILE = YES;
				INFOPLIST_FILE = Source/Support/Info.plist;
				INFOPLIST_KEY_UIApplicationSupportsIndirectInputEvents = YES;
				INFOPLIST_KEY_UILaunchStoryboardName = LaunchScreen;
				INFOPLIST_KEY_UISupportedInterfaceOrientations_iPad = "UIInterfaceOrientationPortrait UIInterfaceOrientationPortraitUpsideDown UIInterfaceOrientationLandscapeLeft UIInterfaceOrientationLandscapeRight";
				INFOPLIST_KEY_UISupportedInterfaceOrientations_iPhone = "UIInterfaceOrientationPortrait UIInterfaceOrientationLandscapeLeft UIInterfaceOrientationLandscapeRight";
				LD_RUNPATH_SEARCH_PATHS = (
					"$(inherited)",
					"@executable_path/Frameworks",
				);
				MARKETING_VERSION = 1.0;
				PRODUCT_BUNDLE_IDENTIFIER = SH.SHCoordinatorExample;
				PRODUCT_NAME = "$(TARGET_NAME)";
				SWIFT_EMIT_LOC_STRINGS = YES;
				SWIFT_VERSION = 5.0;
				TARGETED_DEVICE_FAMILY = "1,2";
			};
			name = Release;
		};
/* End XCBuildConfiguration section */

/* Begin XCConfigurationList section */
		151107C02A4D45F700D71F39 /* Build configuration list for PBXProject "SHCoordinatorExample" */ = {
			isa = XCConfigurationList;
			buildConfigurations = (
				151107D72A4D45F800D71F39 /* Debug */,
				151107D82A4D45F800D71F39 /* Release */,
			);
			defaultConfigurationIsVisible = 0;
			defaultConfigurationName = Release;
		};
		151107D92A4D45F800D71F39 /* Build configuration list for PBXNativeTarget "SHCoordinatorExample" */ = {
			isa = XCConfigurationList;
			buildConfigurations = (
				151107DA2A4D45F800D71F39 /* Debug */,
				151107DB2A4D45F800D71F39 /* Release */,
			);
			defaultConfigurationIsVisible = 0;
			defaultConfigurationName = Release;
		};
/* End XCConfigurationList section */
	};
	rootObject = 151107BD2A4D45F700D71F39 /* Project object */;
}
